
Microsoft Visual Studio Solution File, Format Version 12.00
# Visual Studio 15
VisualStudioVersion = 15.0.27130.2027
MinimumVisualStudioVersion = 10.0.40219.1
Project("{FAE04EC0-301F-11D3-BF4B-00C04F79EFBC}") = "MedicalData", "MedicalData\MedicalData.csproj", "{C80CEC04-D3C9-4203-ABAF-93095CA41919}"
EndProject
Global
	GlobalSection(SolutionConfigurationPlatforms) = preSolution
		Debug|Any CPU = Debug|Any CPU
		Release|Any CPU = Release|Any CPU
	EndGlobalSection
	GlobalSection(ProjectConfigurationPlatforms) = postSolution
		{C80CEC04-D3C9-4203-ABAF-93095CA41919}.Debug|Any CPU.ActiveCfg = Debug|Any CPU
		{C80CEC04-D3C9-4203-ABAF-93095CA41919}.Debug|Any CPU.Build.0 = Debug|Any CPU
		{C80CEC04-D3C9-4203-ABAF-93095CA41919}.Release|Any CPU.ActiveCfg = Release|Any CPU
		{C80CEC04-D3C9-4203-ABAF-93095CA41919}.Release|Any CPU.Build.0 = Release|Any CPU
	EndGlobalSection
	GlobalSection(SolutionProperties) = preSolution
		HideSolutionNode = FALSE
	EndGlobalSection
	GlobalSection(ExtensibilityGlobals) = postSolution
		SolutionGuid = {4B9A2584-73DF-46B1-BA54-D56DE5D850EF}
	EndGlobalSection
EndGlobal
